# THIS IS AN AUTOGENERATED FILE. DO NOT EDIT THIS FILE DIRECTLY.
# yarn lockfile v1


"@discordjs/builders@^0.14.0":
  version "0.14.0"
  resolved "https://registry.npmjs.org/@discordjs/builders/-/builders-0.14.0.tgz"
  dependencies:
    "@sapphire/shapeshift" "^3.1.0"
    "@sindresorhus/is" "^4.6.0"
    discord-api-types "^0.33.3"
    fast-deep-equal "^3.1.3"
    ts-mixer "^6.0.1"
    tslib "^2.4.0"

"@discordjs/builders@^0.15.0":
  version "0.15.0"
  resolved "https://registry.npmjs.org/@discordjs/builders/-/builders-0.15.0.tgz"
  dependencies:
    "@sapphire/shapeshift" "^3.1.0"
    "@sindresorhus/is" "^4.6.0"
    discord-api-types "^0.33.3"
    fast-deep-equal "^3.1.3"
    ts-mixer "^6.0.1"
    tslib "^2.4.0"

"@discordjs/collection@^0.7.0":
  version "0.7.0"
  resolved "https://registry.npmjs.org/@discordjs/collection/-/collection-0.7.0.tgz"

"@discordjs/rest@^0.5.0":
  version "0.5.0"
  resolved "https://registry.npmjs.org/@discordjs/rest/-/rest-0.5.0.tgz"
  dependencies:
    "@discordjs/collection" "^0.7.0"
    "@sapphire/async-queue" "^1.3.1"
    "@sapphire/snowflake" "^3.2.2"
    discord-api-types "^0.33.3"
    tslib "^2.4.0"
    undici "^5.4.0"

"@eartharoid/deep-merge@^0.0.2":
  version "0.0.2"
  resolved "https://registry.npmjs.org/@eartharoid/deep-merge/-/deep-merge-0.0.2.tgz"

"@eartharoid/dtf@^2.0.1":
  version "2.0.1"
  resolved "https://registry.npmjs.org/@eartharoid/dtf/-/dtf-2.0.1.tgz"

"@sapphire/async-queue@^1.3.1":
  version "1.3.1"
  resolved "https://registry.npmjs.org/@sapphire/async-queue/-/async-queue-1.3.1.tgz"

"@sapphire/shapeshift@^3.1.0":
  version "3.1.0"
  resolved "https://registry.npmjs.org/@sapphire/shapeshift/-/shapeshift-3.1.0.tgz"

"@sapphire/snowflake@^3.2.2":
  version "3.2.2"
  resolved "https://registry.npmjs.org/@sapphire/snowflake/-/snowflake-3.2.2.tgz"

"@sindresorhus/is@^4.6.0":
  version "4.6.0"
  resolved "https://registry.npmjs.org/@sindresorhus/is/-/is-4.6.0.tgz"

"@types/node-fetch@^2.6.1":
  version "2.6.1"
  resolved "https://registry.npmjs.org/@types/node-fetch/-/node-fetch-2.6.1.tgz"
  dependencies:
    "@types/node" "*"
    form-data "^3.0.0"

"@types/node@*":
  version "17.0.35"
  resolved "https://registry.npmjs.org/@types/node/-/node-17.0.35.tgz"

"@types/ws@^8.5.3":
  version "8.5.3"
  resolved "https://registry.npmjs.org/@types/ws/-/ws-8.5.3.tgz"
  dependencies:
    "@types/node" "*"

asynckit@^0.4.0:
  version "0.4.0"
  resolved "https://registry.npmjs.org/asynckit/-/asynckit-0.4.0.tgz"

combined-stream@^1.0.8:
  version "1.0.8"
  resolved "https://registry.npmjs.org/combined-stream/-/combined-stream-1.0.8.tgz"
  dependencies:
    delayed-stream "~1.0.0"

delayed-stream@~1.0.0:
  version "1.0.0"
  resolved "https://registry.npmjs.org/delayed-stream/-/delayed-stream-1.0.0.tgz"

discord-api-types@^0.33.3:
  version "0.33.5"
  resolved "https://registry.npmjs.org/discord-api-types/-/discord-api-types-0.33.5.tgz"

discord-api-types@^0.36.1:
  version "0.36.1"
  resolved "https://registry.npmjs.org/discord-api-types/-/discord-api-types-0.36.1.tgz"

discord.js@^13.8.1:
  version "13.8.1"
  resolved "https://registry.npmjs.org/discord.js/-/discord.js-13.8.1.tgz"
  dependencies:
    "@discordjs/builders" "^0.14.0"
    "@discordjs/collection" "^0.7.0"
    "@sapphire/async-queue" "^1.3.1"
    "@types/node-fetch" "^2.6.1"
    "@types/ws" "^8.5.3"
    discord-api-types "^0.33.3"
    form-data "^4.0.0"
    node-fetch "^2.6.1"
    ws "^8.7.0"

fast-deep-equal@^3.1.3:
  version "3.1.3"
  resolved "https://registry.npmjs.org/fast-deep-equal/-/fast-deep-equal-3.1.3.tgz"

form-data@^3.0.0:
  version "3.0.1"
  resolved "https://registry.npmjs.org/form-data/-/form-data-3.0.1.tgz"
  dependencies:
    asynckit "^0.4.0"
    combined-stream "^1.0.8"
    mime-types "^2.1.12"

form-data@^4.0.0:
  version "4.0.0"
  resolved "https://registry.npmjs.org/form-data/-/form-data-4.0.0.tgz"
  dependencies:
    asynckit "^0.4.0"
    combined-stream "^1.0.8"
    mime-types "^2.1.12"

leeks.js@^0.2.4:
  version "0.2.4"
  resolved "https://registry.npmjs.org/leeks.js/-/leeks.js-0.2.4.tgz"

leekslazylogger@^4.1.7:
  version "4.1.7"
  resolved "https://registry.npmjs.org/leekslazylogger/-/leekslazylogger-4.1.7.tgz"
  dependencies:
    "@eartharoid/deep-merge" "^0.0.2"
    "@eartharoid/dtf" "^2.0.1"
    leeks.js "^0.2.4"

mime-db@1.48.0:
  version "1.48.0"
  resolved "https://registry.npmjs.org/mime-db/-/mime-db-1.48.0.tgz"

mime-types@^2.1.12:
  version "2.1.31"
  resolved "https://registry.npmjs.org/mime-types/-/mime-types-2.1.31.tgz"
  dependencies:
    mime-db "1.48.0"

node-fetch@^2.6.1:
  version "2.6.7"
  resolved "https://registry.npmjs.org/node-fetch/-/node-fetch-2.6.7.tgz"
  dependencies:
    whatwg-url "^5.0.0"

tr46@~0.0.3:
  version "0.0.3"
  resolved "https://registry.npmjs.org/tr46/-/tr46-0.0.3.tgz"

ts-mixer@^6.0.1:
  version "6.0.1"
  resolved "https://registry.npmjs.org/ts-mixer/-/ts-mixer-6.0.1.tgz"

tslib@^2.4.0:
  version "2.4.0"
  resolved "https://registry.npmjs.org/tslib/-/tslib-2.4.0.tgz"

undici@^5.4.0:
  version "5.8.0"
  resolved "https://registry.yarnpkg.com/undici/-/undici-5.8.0.tgz#dec9a8ccd90e5a1d81d43c0eab6503146d649a4f"

webidl-conversions@^3.0.0:
  version "3.0.1"
  resolved "https://registry.npmjs.org/webidl-conversions/-/webidl-conversions-3.0.1.tgz"

whatwg-url@^5.0.0:
  version "5.0.0"
  resolved "https://registry.npmjs.org/whatwg-url/-/whatwg-url-5.0.0.tgz"
  dependencies:
    tr46 "~0.0.3"
    webidl-conversions "^3.0.0"

ws@^8.7.0:
  version "8.7.0"
  resolved "https://registry.npmjs.org/ws/-/ws-8.7.0.tgz"
